
Microsoft Visual Studio Solution File, Format Version 12.00
# Visual Studio Version 17
VisualStudioVersion = 17.4.33403.182
MinimumVisualStudioVersion = 10.0.40219.1
Project("{FAE04EC0-301F-11D3-BF4B-00C04F79EFBC}") = "Linq", "Linq\Linq.csproj", "{DE8988D1-3043-4B8E-B80E-4860725A35EB}"
EndProject
Global
	GlobalSection(SolutionConfigurationPlatforms) = preSolution
		Debug|Any CPU = Debug|Any CPU
		Release|Any CPU = Release|Any CPU
	EndGlobalSection
	GlobalSection(ProjectConfigurationPlatforms) = postSolution
		{DE8988D1-3043-4B8E-B80E-4860725A35EB}.Debug|Any CPU.ActiveCfg = Debug|Any CPU
		{DE8988D1-3043-4B8E-B80E-4860725A35EB}.Debug|Any CPU.Build.0 = Debug|Any CPU
		{DE8988D1-3043-4B8E-B80E-4860725A35EB}.Release|Any CPU.ActiveCfg = Release|Any CPU
		{DE8988D1-3043-4B8E-B80E-4860725A35EB}.Release|Any CPU.Build.0 = Release|Any CPU
	EndGlobalSection
	GlobalSection(SolutionProperties) = preSolution
		HideSolutionNode = FALSE
	EndGlobalSection
	GlobalSection(ExtensibilityGlobals) = postSolution
		SolutionGuid = {0CC201FB-8AF1-4CE3-9228-4EF007E385A9}
	EndGlobalSection
EndGlobal
